
Microsoft Visual Studio Solution File, Format Version 12.00
# Visual Studio 15
VisualStudioVersion = 15.0.26403.7
MinimumVisualStudioVersion = 10.0.40219.1
Project("{FAE04EC0-301F-11D3-BF4B-00C04F79EFBC}") = "VKApi.BL", "VKApi.BL\VKApi.BL.csproj", "{0CA4F9AC-AC26-4C74-9A94-C7CC6EBB46B1}"
EndProject
Project("{FAE04EC0-301F-11D3-BF4B-00C04F79EFBC}") = "VKApi.Console", "VKApi.Console\VKApi.Console.csproj", "{125896FB-E046-420B-BED5-E6D988605D91}"
EndProject
Project("{FAE04EC0-301F-11D3-BF4B-00C04F79EFBC}") = "VKApi.Console.BlackListGroupsMembsers", "VKApi.Console.BlackListGroupsMembsers\VKApi.Console.BlackListGroupsMembsers.csproj", "{E547678A-22E8-437F-A1D4-264D113F164B}"
EndProject
Global
	GlobalSection(SolutionConfigurationPlatforms) = preSolution
		Debug|Any CPU = Debug|Any CPU
		Release|Any CPU = Release|Any CPU
	EndGlobalSection
	GlobalSection(ProjectConfigurationPlatforms) = postSolution
		{0CA4F9AC-AC26-4C74-9A94-C7CC6EBB46B1}.Debug|Any CPU.ActiveCfg = Debug|Any CPU
		{0CA4F9AC-AC26-4C74-9A94-C7CC6EBB46B1}.Debug|Any CPU.Build.0 = Debug|Any CPU
		{0CA4F9AC-AC26-4C74-9A94-C7CC6EBB46B1}.Release|Any CPU.ActiveCfg = Release|Any CPU
		{0CA4F9AC-AC26-4C74-9A94-C7CC6EBB46B1}.Release|Any CPU.Build.0 = Release|Any CPU
		{125896FB-E046-420B-BED5-E6D988605D91}.Debug|Any CPU.ActiveCfg = Debug|Any CPU
		{125896FB-E046-420B-BED5-E6D988605D91}.Debug|Any CPU.Build.0 = Debug|Any CPU
		{125896FB-E046-420B-BED5-E6D988605D91}.Release|Any CPU.ActiveCfg = Release|Any CPU
		{125896FB-E046-420B-BED5-E6D988605D91}.Release|Any CPU.Build.0 = Release|Any CPU
		{E547678A-22E8-437F-A1D4-264D113F164B}.Debug|Any CPU.ActiveCfg = Debug|Any CPU
		{E547678A-22E8-437F-A1D4-264D113F164B}.Debug|Any CPU.Build.0 = Debug|Any CPU
		{E547678A-22E8-437F-A1D4-264D113F164B}.Release|Any CPU.ActiveCfg = Release|Any CPU
		{E547678A-22E8-437F-A1D4-264D113F164B}.Release|Any CPU.Build.0 = Release|Any CPU
	EndGlobalSection
	GlobalSection(SolutionProperties) = preSolution
		HideSolutionNode = FALSE
	EndGlobalSection
EndGlobal
