
Microsoft Visual Studio Solution File, Format Version 12.00
# Visual Studio Version 16
VisualStudioVersion = 16.0.29709.97
MinimumVisualStudioVersion = 10.0.40219.1
Project("{FAE04EC0-301F-11D3-BF4B-00C04F79EFBC}") = "VKApi.BL", "VKApi.BL\VKApi.BL.csproj", "{0CA4F9AC-AC26-4C74-9A94-C7CC6EBB46B1}"
EndProject
Project("{FAE04EC0-301F-11D3-BF4B-00C04F79EFBC}") = "VKApi.LikeClicker", "VKApi.LikeClicker\VKApi.LikeClicker.csproj", "{125896FB-E046-420B-BED5-E6D988605D91}"
EndProject
Project("{FAE04EC0-301F-11D3-BF4B-00C04F79EFBC}") = "VKApi.Blacklister", "VKApi.Blacklister\VKApi.Blacklister.csproj", "{E547678A-22E8-437F-A1D4-264D113F164B}"
EndProject
Project("{2150E333-8FDC-42A3-9474-1A3956D46DE8}") = "Solution Items", "Solution Items", "{8CF0749E-34F0-4326-B4FE-19ADBF412B43}"
	ProjectSection(SolutionItems) = preProject
		.editorconfig = .editorconfig
	EndProjectSection
EndProject
Project("{FAE04EC0-301F-11D3-BF4B-00C04F79EFBC}") = "Inst.Api", "Inst.Api\Inst.Api.csproj", "{8C5027ED-B4D3-4DD4-8582-45646DA79C25}"
EndProject
Project("{FAE04EC0-301F-11D3-BF4B-00C04F79EFBC}") = "Inst.Api.Services", "Inst.Api.Services\Inst.Api.Services.csproj", "{D3BC6233-5AC7-4DE7-8DF4-2C8EB71FAF04}"
EndProject
Project("{FAE04EC0-301F-11D3-BF4B-00C04F79EFBC}") = "ServiceInjector", "ServiceInjector\ServiceInjector.csproj", "{407C43B0-5725-48B8-B413-860FB486D38B}"
EndProject
Global
	GlobalSection(SolutionConfigurationPlatforms) = preSolution
		Debug|Any CPU = Debug|Any CPU
		Release|Any CPU = Release|Any CPU
	EndGlobalSection
	GlobalSection(ProjectConfigurationPlatforms) = postSolution
		{0CA4F9AC-AC26-4C74-9A94-C7CC6EBB46B1}.Debug|Any CPU.ActiveCfg = Debug|Any CPU
		{0CA4F9AC-AC26-4C74-9A94-C7CC6EBB46B1}.Debug|Any CPU.Build.0 = Debug|Any CPU
		{0CA4F9AC-AC26-4C74-9A94-C7CC6EBB46B1}.Release|Any CPU.ActiveCfg = Release|Any CPU
		{0CA4F9AC-AC26-4C74-9A94-C7CC6EBB46B1}.Release|Any CPU.Build.0 = Release|Any CPU
		{125896FB-E046-420B-BED5-E6D988605D91}.Debug|Any CPU.ActiveCfg = Debug|Any CPU
		{125896FB-E046-420B-BED5-E6D988605D91}.Debug|Any CPU.Build.0 = Debug|Any CPU
		{125896FB-E046-420B-BED5-E6D988605D91}.Release|Any CPU.ActiveCfg = Release|Any CPU
		{125896FB-E046-420B-BED5-E6D988605D91}.Release|Any CPU.Build.0 = Release|Any CPU
		{E547678A-22E8-437F-A1D4-264D113F164B}.Debug|Any CPU.ActiveCfg = Debug|Any CPU
		{E547678A-22E8-437F-A1D4-264D113F164B}.Debug|Any CPU.Build.0 = Debug|Any CPU
		{E547678A-22E8-437F-A1D4-264D113F164B}.Release|Any CPU.ActiveCfg = Release|Any CPU
		{E547678A-22E8-437F-A1D4-264D113F164B}.Release|Any CPU.Build.0 = Release|Any CPU
		{8C5027ED-B4D3-4DD4-8582-45646DA79C25}.Debug|Any CPU.ActiveCfg = Debug|Any CPU
		{8C5027ED-B4D3-4DD4-8582-45646DA79C25}.Debug|Any CPU.Build.0 = Debug|Any CPU
		{8C5027ED-B4D3-4DD4-8582-45646DA79C25}.Release|Any CPU.ActiveCfg = Release|Any CPU
		{8C5027ED-B4D3-4DD4-8582-45646DA79C25}.Release|Any CPU.Build.0 = Release|Any CPU
		{D3BC6233-5AC7-4DE7-8DF4-2C8EB71FAF04}.Debug|Any CPU.ActiveCfg = Debug|Any CPU
		{D3BC6233-5AC7-4DE7-8DF4-2C8EB71FAF04}.Debug|Any CPU.Build.0 = Debug|Any CPU
		{D3BC6233-5AC7-4DE7-8DF4-2C8EB71FAF04}.Release|Any CPU.ActiveCfg = Release|Any CPU
		{D3BC6233-5AC7-4DE7-8DF4-2C8EB71FAF04}.Release|Any CPU.Build.0 = Release|Any CPU
		{407C43B0-5725-48B8-B413-860FB486D38B}.Debug|Any CPU.ActiveCfg = Debug|Any CPU
		{407C43B0-5725-48B8-B413-860FB486D38B}.Debug|Any CPU.Build.0 = Debug|Any CPU
		{407C43B0-5725-48B8-B413-860FB486D38B}.Release|Any CPU.ActiveCfg = Release|Any CPU
		{407C43B0-5725-48B8-B413-860FB486D38B}.Release|Any CPU.Build.0 = Release|Any CPU
	EndGlobalSection
	GlobalSection(SolutionProperties) = preSolution
		HideSolutionNode = FALSE
	EndGlobalSection
	GlobalSection(ExtensibilityGlobals) = postSolution
		SolutionGuid = {A88FE7A8-1AB0-4387-8276-099F7AAEC774}
	EndGlobalSection
EndGlobal
